
Microsoft Visual Studio Solution File, Format Version 12.00
# Visual Studio Version 16
VisualStudioVersion = 16.0.30711.63
MinimumVisualStudioVersion = 10.0.40219.1
Project("{FAE04EC0-301F-11D3-BF4B-00C04F79EFBC}") = "NSchedule.Android", "NSchedule\NSchedule.Android\NSchedule.Android.csproj", "{961F4925-96C8-4702-99EF-24A12D74250D}"
EndProject
Project("{9A19103F-16F7-4668-BE54-9A1E7A4F7556}") = "NSchedule", "NSchedule\NSchedule\NSchedule.csproj", "{05CC72F0-D389-4C96-B726-D0AA63841F41}"
EndProject
Global
	GlobalSection(SolutionConfigurationPlatforms) = preSolution
		Debug|Any CPU = Debug|Any CPU
		Debug|iPhone = Debug|iPhone
		Debug|iPhoneSimulator = Debug|iPhoneSimulator
		Release|Any CPU = Release|Any CPU
		Release|iPhone = Release|iPhone
		Release|iPhoneSimulator = Release|iPhoneSimulator
	EndGlobalSection
	GlobalSection(ProjectConfigurationPlatforms) = postSolution
		{961F4925-96C8-4702-99EF-24A12D74250D}.Debug|Any CPU.ActiveCfg = Debug|Any CPU
		{961F4925-96C8-4702-99EF-24A12D74250D}.Debug|Any CPU.Build.0 = Debug|Any CPU
		{961F4925-96C8-4702-99EF-24A12D74250D}.Debug|Any CPU.Deploy.0 = Debug|Any CPU
		{961F4925-96C8-4702-99EF-24A12D74250D}.Debug|iPhone.ActiveCfg = Debug|Any CPU
		{961F4925-96C8-4702-99EF-24A12D74250D}.Debug|iPhone.Build.0 = Debug|Any CPU
		{961F4925-96C8-4702-99EF-24A12D74250D}.Debug|iPhone.Deploy.0 = Debug|Any CPU
		{961F4925-96C8-4702-99EF-24A12D74250D}.Debug|iPhoneSimulator.ActiveCfg = Debug|Any CPU
		{961F4925-96C8-4702-99EF-24A12D74250D}.Debug|iPhoneSimulator.Build.0 = Debug|Any CPU
		{961F4925-96C8-4702-99EF-24A12D74250D}.Debug|iPhoneSimulator.Deploy.0 = Debug|Any CPU
		{961F4925-96C8-4702-99EF-24A12D74250D}.Release|Any CPU.ActiveCfg = Release|Any CPU
		{961F4925-96C8-4702-99EF-24A12D74250D}.Release|Any CPU.Build.0 = Release|Any CPU
		{961F4925-96C8-4702-99EF-24A12D74250D}.Release|Any CPU.Deploy.0 = Release|Any CPU
		{961F4925-96C8-4702-99EF-24A12D74250D}.Release|iPhone.ActiveCfg = Release|Any CPU
		{961F4925-96C8-4702-99EF-24A12D74250D}.Release|iPhone.Build.0 = Release|Any CPU
		{961F4925-96C8-4702-99EF-24A12D74250D}.Release|iPhone.Deploy.0 = Release|Any CPU
		{961F4925-96C8-4702-99EF-24A12D74250D}.Release|iPhoneSimulator.ActiveCfg = Release|Any CPU
		{961F4925-96C8-4702-99EF-24A12D74250D}.Release|iPhoneSimulator.Build.0 = Release|Any CPU
		{961F4925-96C8-4702-99EF-24A12D74250D}.Release|iPhoneSimulator.Deploy.0 = Release|Any CPU
		{05CC72F0-D389-4C96-B726-D0AA63841F41}.Debug|Any CPU.ActiveCfg = Debug|Any CPU
		{05CC72F0-D389-4C96-B726-D0AA63841F41}.Debug|Any CPU.Build.0 = Debug|Any CPU
		{05CC72F0-D389-4C96-B726-D0AA63841F41}.Debug|Any CPU.Deploy.0 = Debug|Any CPU
		{05CC72F0-D389-4C96-B726-D0AA63841F41}.Debug|iPhone.ActiveCfg = Debug|Any CPU
		{05CC72F0-D389-4C96-B726-D0AA63841F41}.Debug|iPhone.Build.0 = Debug|Any CPU
		{05CC72F0-D389-4C96-B726-D0AA63841F41}.Debug|iPhone.Deploy.0 = Debug|Any CPU
		{05CC72F0-D389-4C96-B726-D0AA63841F41}.Debug|iPhoneSimulator.ActiveCfg = Debug|Any CPU
		{05CC72F0-D389-4C96-B726-D0AA63841F41}.Debug|iPhoneSimulator.Build.0 = Debug|Any CPU
		{05CC72F0-D389-4C96-B726-D0AA63841F41}.Debug|iPhoneSimulator.Deploy.0 = Debug|Any CPU
		{05CC72F0-D389-4C96-B726-D0AA63841F41}.Release|Any CPU.ActiveCfg = Release|Any CPU
		{05CC72F0-D389-4C96-B726-D0AA63841F41}.Release|Any CPU.Build.0 = Release|Any CPU
		{05CC72F0-D389-4C96-B726-D0AA63841F41}.Release|Any CPU.Deploy.0 = Release|Any CPU
		{05CC72F0-D389-4C96-B726-D0AA63841F41}.Release|iPhone.ActiveCfg = Release|Any CPU
		{05CC72F0-D389-4C96-B726-D0AA63841F41}.Release|iPhone.Build.0 = Release|Any CPU
		{05CC72F0-D389-4C96-B726-D0AA63841F41}.Release|iPhone.Deploy.0 = Release|Any CPU
		{05CC72F0-D389-4C96-B726-D0AA63841F41}.Release|iPhoneSimulator.ActiveCfg = Release|Any CPU
		{05CC72F0-D389-4C96-B726-D0AA63841F41}.Release|iPhoneSimulator.Build.0 = Release|Any CPU
		{05CC72F0-D389-4C96-B726-D0AA63841F41}.Release|iPhoneSimulator.Deploy.0 = Release|Any CPU
	EndGlobalSection
	GlobalSection(SolutionProperties) = preSolution
		HideSolutionNode = FALSE
	EndGlobalSection
	GlobalSection(ExtensibilityGlobals) = postSolution
		SolutionGuid = {B9E3CDB1-541B-4DDE-AF2F-6F40AC5891BE}
	EndGlobalSection
EndGlobal
