
Microsoft Visual Studio Solution File, Format Version 12.00
# Visual Studio Version 16
VisualStudioVersion = 16.0.29613.14
MinimumVisualStudioVersion = 10.0.40219.1
Project("{FAE04EC0-301F-11D3-BF4B-00C04F79EFBC}") = "NSchedule", "NSchedule\NSchedule.csproj", "{B0CAE015-A69C-4DB7-A7BB-72F8903C547A}"
EndProject
Global
	GlobalSection(SolutionConfigurationPlatforms) = preSolution
		Debug|Any CPU = Debug|Any CPU
		Release|Any CPU = Release|Any CPU
	EndGlobalSection
	GlobalSection(ProjectConfigurationPlatforms) = postSolution
		{B0CAE015-A69C-4DB7-A7BB-72F8903C547A}.Debug|Any CPU.ActiveCfg = Debug|Any CPU
		{B0CAE015-A69C-4DB7-A7BB-72F8903C547A}.Debug|Any CPU.Build.0 = Debug|Any CPU
		{B0CAE015-A69C-4DB7-A7BB-72F8903C547A}.Debug|Any CPU.Deploy.0 = Debug|Any CPU
		{B0CAE015-A69C-4DB7-A7BB-72F8903C547A}.Release|Any CPU.ActiveCfg = Release|Any CPU
		{B0CAE015-A69C-4DB7-A7BB-72F8903C547A}.Release|Any CPU.Build.0 = Release|Any CPU
		{B0CAE015-A69C-4DB7-A7BB-72F8903C547A}.Release|Any CPU.Deploy.0 = Release|Any CPU
	EndGlobalSection
	GlobalSection(SolutionProperties) = preSolution
		HideSolutionNode = FALSE
	EndGlobalSection
	GlobalSection(ExtensibilityGlobals) = postSolution
		SolutionGuid = {67D25C49-1DA6-4AA4-BBC1-0D40608C3176}
	EndGlobalSection
EndGlobal
